
Microsoft Visual Studio Solution File, Format Version 12.00
# Visual Studio Version 16
VisualStudioVersion = 16.0.30114.105
MinimumVisualStudioVersion = 10.0.40219.1
Project("{2150E333-8FDC-42A3-9474-1A3956D46DE8}") = "TwilioWebhookSample.MinimalLambdaAPI", "TwilioWebhookSample.MinimalLambdaAPI", "{F9D4CB75-D7C3-44B0-92B4-B561FD4AA09A}"
EndProject
Project("{2150E333-8FDC-42A3-9474-1A3956D46DE8}") = "src", "src", "{6B885CA4-016D-4834-AEC4-E47BDB728E8B}"
EndProject
Project("{FAE04EC0-301F-11D3-BF4B-00C04F79EFBC}") = "TwilioWebhookSample.MinimalLambdaAPI", "TwilioWebhookSample.MinimalLambdaAPI\src\TwilioWebhookSample.MinimalLambdaAPI\TwilioWebhookSample.MinimalLambdaAPI.csproj", "{28FC88DF-3E63-4048-809B-7B3A05CE4D7E}"
EndProject
Global
	GlobalSection(SolutionConfigurationPlatforms) = preSolution
		Debug|Any CPU = Debug|Any CPU
		Release|Any CPU = Release|Any CPU
	EndGlobalSection
	GlobalSection(SolutionProperties) = preSolution
		HideSolutionNode = FALSE
	EndGlobalSection
	GlobalSection(ProjectConfigurationPlatforms) = postSolution
		{28FC88DF-3E63-4048-809B-7B3A05CE4D7E}.Debug|Any CPU.ActiveCfg = Debug|Any CPU
		{28FC88DF-3E63-4048-809B-7B3A05CE4D7E}.Debug|Any CPU.Build.0 = Debug|Any CPU
		{28FC88DF-3E63-4048-809B-7B3A05CE4D7E}.Release|Any CPU.ActiveCfg = Release|Any CPU
		{28FC88DF-3E63-4048-809B-7B3A05CE4D7E}.Release|Any CPU.Build.0 = Release|Any CPU
	EndGlobalSection
	GlobalSection(NestedProjects) = preSolution
		{6B885CA4-016D-4834-AEC4-E47BDB728E8B} = {F9D4CB75-D7C3-44B0-92B4-B561FD4AA09A}
		{28FC88DF-3E63-4048-809B-7B3A05CE4D7E} = {6B885CA4-016D-4834-AEC4-E47BDB728E8B}
	EndGlobalSection
EndGlobal
